
Microsoft Visual Studio Solution File, Format Version 12.00
# Visual Studio Version 17
VisualStudioVersion = 17.1.32210.238
MinimumVisualStudioVersion = 10.0.40219.1
Project("{9A19103F-16F7-4668-BE54-9A1E7A4F7556}") = "WebBackend", "WebBackend\WebBackend.csproj", "{A8B5E535-F3FB-4772-AF2E-74884ECA6DF0}"
EndProject
Project("{9A19103F-16F7-4668-BE54-9A1E7A4F7556}") = "WebBlazor", "WebBlazor\WebBlazor.csproj", "{A4C9224C-4258-4DB5-846A-AB3898E17C9A}"
EndProject
Global
	GlobalSection(SolutionConfigurationPlatforms) = preSolution
		Debug|Any CPU = Debug|Any CPU
		Release|Any CPU = Release|Any CPU
	EndGlobalSection
	GlobalSection(ProjectConfigurationPlatforms) = postSolution
		{A8B5E535-F3FB-4772-AF2E-74884ECA6DF0}.Debug|Any CPU.ActiveCfg = Debug|Any CPU
		{A8B5E535-F3FB-4772-AF2E-74884ECA6DF0}.Debug|Any CPU.Build.0 = Debug|Any CPU
		{A8B5E535-F3FB-4772-AF2E-74884ECA6DF0}.Release|Any CPU.ActiveCfg = Release|Any CPU
		{A8B5E535-F3FB-4772-AF2E-74884ECA6DF0}.Release|Any CPU.Build.0 = Release|Any CPU
		{A4C9224C-4258-4DB5-846A-AB3898E17C9A}.Debug|Any CPU.ActiveCfg = Debug|Any CPU
		{A4C9224C-4258-4DB5-846A-AB3898E17C9A}.Debug|Any CPU.Build.0 = Debug|Any CPU
		{A4C9224C-4258-4DB5-846A-AB3898E17C9A}.Release|Any CPU.ActiveCfg = Release|Any CPU
		{A4C9224C-4258-4DB5-846A-AB3898E17C9A}.Release|Any CPU.Build.0 = Release|Any CPU
	EndGlobalSection
	GlobalSection(SolutionProperties) = preSolution
		HideSolutionNode = FALSE
	EndGlobalSection
	GlobalSection(ExtensibilityGlobals) = postSolution
		SolutionGuid = {90EA7334-EFDB-475C-A3EE-F241B037A08D}
	EndGlobalSection
EndGlobal
